
Microsoft Visual Studio Solution File, Format Version 12.00
# Visual Studio Version 17
VisualStudioVersion = 17.6.33829.357
MinimumVisualStudioVersion = 10.0.40219.1
Project("{FAE04EC0-301F-11D3-BF4B-00C04F79EFBC}") = "ConsoleApp3", "ConsoleApp3.csproj", "{E0B369FC-6D38-44A1-998A-2E1CCC17804D}"
EndProject
Global
	GlobalSection(SolutionConfigurationPlatforms) = preSolution
		Debug|Any CPU = Debug|Any CPU
		Release|Any CPU = Release|Any CPU
	EndGlobalSection
	GlobalSection(ProjectConfigurationPlatforms) = postSolution
		{E0B369FC-6D38-44A1-998A-2E1CCC17804D}.Debug|Any CPU.ActiveCfg = Debug|Any CPU
		{E0B369FC-6D38-44A1-998A-2E1CCC17804D}.Debug|Any CPU.Build.0 = Debug|Any CPU
		{E0B369FC-6D38-44A1-998A-2E1CCC17804D}.Release|Any CPU.ActiveCfg = Release|Any CPU
		{E0B369FC-6D38-44A1-998A-2E1CCC17804D}.Release|Any CPU.Build.0 = Release|Any CPU
	EndGlobalSection
	GlobalSection(SolutionProperties) = preSolution
		HideSolutionNode = FALSE
	EndGlobalSection
	GlobalSection(ExtensibilityGlobals) = postSolution
		SolutionGuid = {2561AD11-D33F-498D-B984-06D915A569FA}
	EndGlobalSection
EndGlobal
